<Solution>
  <Project Path="Bai04/Bai04.csproj" Id="67bce81d-a32f-4e21-a46f-356920046342" />
  <Project Path="Bai06/Bai06.csproj" Id="274b0af1-06e3-43fb-8bef-a68e7ec0e513" />
  <Project Path="Bai08/Bai08.csproj" Id="bb2ec4a5-f39b-4831-8ab5-e3b295bc437c" />
  <Project Path="Bai09/Bai09.csproj" Id="ded77404-66cf-49be-8c5b-a46a0712a531" />
  <Project Path="Bai10/Bai10.csproj" Id="acd4d929-9955-4170-968c-6fae23da269d" />
  <Project Path="Bai11/Bai11.csproj" Id="7aee77a5-3c5b-410c-9d35-0c12915e57d1" />
</Solution>
